<?xml version="1.0" encoding="utf-8"?>
<Project ToolsVersion="4.0" xmlns="http://schemas.microsoft.com/developer/msbuild/2003">
  <ItemGroup>
    <Filter Include="Source Files">
      <UniqueIdentifier>{199ff464-97a5-4bfd-91be-90d4e7dc10ee}</UniqueIdentifier>
      <Extensions>.c</Extensions>
    </Filter>
    <Filter Include="Header Files">
      <UniqueIdentifier>{908f2566-6ac6-4daa-9234-ea656aca312e}</UniqueIdentifier>
      <Extensions>.h</Extensions>
    </Filter>
    <Filter Include="Resource Files">
      <UniqueIdentifier>{55d05fbf-0400-4a78-9141-063022d58edf}</UniqueIdentifier>
      <Extensions>.rc</Extensions>
    </Filter>
  </ItemGroup>
  <ItemGroup>
    <ClCompile Include="..\mp3gain\apetag.c">
      <Filter>Source Files</Filter>
    </ClCompile>
    <ClCompile Include="..\mp3gain\mpglibDBL\common.c">
      <Filter>Source Files</Filter>
    </ClCompile>
    <ClCompile Include="..\mp3gain\mpglibDBL\dct64_i386.c">
      <Filter>Source Files</Filter>
    </ClCompile>
    <ClCompile Include="..\mp3gain\mpglibDBL\decode_i386.c">
      <Filter>Source Files</Filter>
    </ClCompile>
    <ClCompile Include="..\mp3gain\gain_analysis.c">
      <Filter>Source Files</Filter>
    </ClCompile>
    <ClCompile Include="..\mp3gain\mpglibDBL\interface.c">
      <Filter>Source Files</Filter>
    </ClCompile>
    <ClCompile Include="..\mp3gain\mpglibDBL\layer3.c">
      <Filter>Source Files</Filter>
    </ClCompile>
    <ClCompile Include="..\mp3gain\mp3gain.c">
      <Filter>Source Files</Filter>
    </ClCompile>
    <ClCompile Include="..\mp3gain\rg_error.c">
      <Filter>Source Files</Filter>
    </ClCompile>
    <ClCompile Include="..\mp3gain\mpglibDBL\tabinit.c">
      <Filter>Source Files</Filter>
    </ClCompile>
    <ClCompile Include="..\mp3gain\id3tag.c">
      <Filter>Source Files</Filter>
    </ClCompile>
  </ItemGroup>
  <ItemGroup>
    <ClInclude Include="..\mp3gain\apetag.h">
      <Filter>Header Files</Filter>
    </ClInclude>
    <ClInclude Include="..\mp3gain\mpglibDBL\bitstream.h">
      <Filter>Header Files</Filter>
    </ClInclude>
    <ClInclude Include="..\mp3gain\mpglibDBL\common.h">
      <Filter>Header Files</Filter>
    </ClInclude>
    <ClInclude Include="..\mp3gain\mpglibDBL\config.h">
      <Filter>Header Files</Filter>
    </ClInclude>
    <ClInclude Include="..\mp3gain\mpglibDBL\dct64_i386.h">
      <Filter>Header Files</Filter>
    </ClInclude>
    <ClInclude Include="..\mp3gain\mpglibDBL\decode_i386.h">
      <Filter>Header Files</Filter>
    </ClInclude>
    <ClInclude Include="..\mp3gain\mpglibDBL\encoder.h">
      <Filter>Header Files</Filter>
    </ClInclude>
    <ClInclude Include="..\mp3gain\gain_analysis.h">
      <Filter>Header Files</Filter>
    </ClInclude>
    <ClInclude Include="..\mp3gain\mpglibDBL\huffman.h">
      <Filter>Header Files</Filter>
    </ClInclude>
    <ClInclude Include="..\mp3gain\mpglibDBL\interface.h">
      <Filter>Header Files</Filter>
    </ClInclude>
    <ClInclude Include="..\mp3gain\mpglibDBL\lame.h">
      <Filter>Header Files</Filter>
    </ClInclude>
    <ClInclude Include="..\mp3gain\mpglibDBL\layer3.h">
      <Filter>Header Files</Filter>
    </ClInclude>
    <ClInclude Include="..\mp3gain\mpglibDBL\machine.h">
      <Filter>Header Files</Filter>
    </ClInclude>
    <ClInclude Include="..\mp3gain\mp3gain.h">
      <Filter>Header Files</Filter>
    </ClInclude>
    <ClInclude Include="..\mp3gain\mpglibDBL\mpg123.h">
      <Filter>Header Files</Filter>
    </ClInclude>
    <ClInclude Include="..\mp3gain\mpglibDBL\mpglib.h">
      <Filter>Header Files</Filter>
    </ClInclude>
    <ClInclude Include="resource.h">
      <Filter>Header Files</Filter>
    </ClInclude>
    <ClInclude Include="..\mp3gain\rg_error.h">
      <Filter>Header Files</Filter>
    </ClInclude>
    <ClInclude Include="..\mp3gain\mpglibDBL\tabinit.h">
      <Filter>Header Files</Filter>
    </ClInclude>
    <ClInclude Include="..\mp3gain\mpglibDBL\VbrTag.h">
      <Filter>Header Files</Filter>
    </ClInclude>
    <ClInclude Include="..\mp3gain\id3tag.h">
      <Filter>Header Files</Filter>
    </ClInclude>
  </ItemGroup>
  <ItemGroup>
    <ResourceCompile Include="aacgain.rc">
      <Filter>Resource Files</Filter>
    </ResourceCompile>
  </ItemGroup>
</Project>